{
  "name": "cli-test",
  "version": "1.0.0",
  "lockfileVersion": 2,
  "requires": true,
  "packages": {
    "": {
      "name": "cli-test",
      "version": "1.0.0",
      "license": "ISC",
      "dependencies": {
        "testpkg": "file:../testpkg"
      }
    },
    "../testpkg": {
      "version": "1.0.0",
      "license": "ISC",
      "bin": {
        "testpkg": "cli.js"
      }
    },
    "node_modules/testpkg": {
      "resolved": "../testpkg",
      "link": true
    }
  },
  "dependencies": {
    "testpkg": {
      "version": "file:../testpkg"
    }
  }
}
