{
  "name": "cli-test",
  "version": "1.0.0",
  "lockfileVersion": 1,
  "requires": true,
  "dependencies": {
    "topiql": {
      "version": "1.0.1",
      "resolved": "https://registry.npmjs.org/topiql/-/topiql-1.0.1.tgz",
      "integrity": "sha512-+yOdmpR6m8JTqcvqCeiQPFOGaQfZiY0wng1XDoBr+FAb5meoqkUM+9B/kCiH0f2XLWKsGVVNc6QMn4CNNWG9RA=="
    }
  }
}
